// !$*UTF8*$!
{
	archiveVersion = 1;
	classes = {
	};
	objectVersion = 50;
	objects = {

/* Begin PBXBuildFile section */
		9265A415255030DE00B7410C /* AppDelegate.swift in Sources */ = {isa = PBXBuildFile; fileRef = 9265A414255030DE00B7410C /* AppDelegate.swift */; };
		9265A417255030DE00B7410C /* SceneDelegate.swift in Sources */ = {isa = PBXBuildFile; fileRef = 9265A416255030DE00B7410C /* SceneDelegate.swift */; };
		9265A419255030DE00B7410C /* ViewController.swift in Sources */ = {isa = PBXBuildFile; fileRef = 9265A418255030DE00B7410C /* ViewController.swift */; };
		9265A41C255030DE00B7410C /* Main.storyboard in Resources */ = {isa = PBXBuildFile; fileRef = 9265A41A255030DE00B7410C /* Main.storyboard */; };
		9265A41E255030E100B7410C /* Assets.xcassets in Resources */ = {isa = PBXBuildFile; fileRef = 9265A41D255030E100B7410C /* Assets.xcassets */; };
		9265A421255030E100B7410C /* LaunchScreen.storyboard in Resources */ = {isa = PBXBuildFile; fileRef = 9265A41F255030E100B7410C /* LaunchScreen.storyboard */; };
		9265A42C255030E100B7410C /* Christmas_Calendar_v2_0Tests.swift in Sources */ = {isa = PBXBuildFile; fileRef = 9265A42B255030E100B7410C /* Christmas_Calendar_v2_0Tests.swift */; };
		9265A437255030E100B7410C /* Christmas_Calendar_v2_0UITests.swift in Sources */ = {isa = PBXBuildFile; fileRef = 9265A436255030E100B7410C /* Christmas_Calendar_v2_0UITests.swift */; };
/* End PBXBuildFile section */

/* Begin PBXContainerItemProxy section */
		9265A428255030E100B7410C /* PBXContainerItemProxy */ = {
			isa = PBXContainerItemProxy;
			containerPortal = 9265A409255030DE00B7410C /* Project object */;
			proxyType = 1;
			remoteGlobalIDString = 9265A410255030DE00B7410C;
			remoteInfo = "Christmas Calendar v2.0";
		};
		9265A433255030E100B7410C /* PBXContainerItemProxy */ = {
			isa = PBXContainerItemProxy;
			containerPortal = 9265A409255030DE00B7410C /* Project object */;
			proxyType = 1;
			remoteGlobalIDString = 9265A410255030DE00B7410C;
			remoteInfo = "Christmas Calendar v2.0";
		};
/* End PBXContainerItemProxy section */

/* Begin PBXFileReference section */
		9265A411255030DE00B7410C /* Christmas Calendar v2.0.app */ = {isa = PBXFileReference; explicitFileType = wrapper.application; includeInIndex = 0; path = "Christmas Calendar v2.0.app"; sourceTree = BUILT_PRODUCTS_DIR; };
		9265A414255030DE00B7410C /* AppDelegate.swift */ = {isa = PBXFileReference; lastKnownFileType = sourcecode.swift; path = AppDelegate.swift; sourceTree = "<group>"; };
		9265A416255030DE00B7410C /* SceneDelegate.swift */ = {isa = PBXFileReference; lastKnownFileType = sourcecode.swift; path = SceneDelegate.swift; sourceTree = "<group>"; };
		9265A418255030DE00B7410C /* ViewController.swift */ = {isa = PBXFileReference; lastKnownFileType = sourcecode.swift; path = ViewController.swift; sourceTree = "<group>"; };
		9265A41B255030DE00B7410C /* Base */ = {isa = PBXFileReference; lastKnownFileType = file.storyboard; name = Base; path = Base.lproj/Main.storyboard; sourceTree = "<group>"; };
		9265A41D255030E100B7410C /* Assets.xcassets */ = {isa = PBXFileReference; lastKnownFileType = folder.assetcatalog; path = Assets.xcassets; sourceTree = "<group>"; };
		9265A420255030E100B7410C /* Base */ = {isa = PBXFileReference; lastKnownFileType = file.storyboard; name = Base; path = Base.lproj/LaunchScreen.storyboard; sourceTree = "<group>"; };
		9265A422255030E100B7410C /* Info.plist */ = {isa = PBXFileReference; lastKnownFileType = text.plist.xml; path = Info.plist; sourceTree = "<group>"; };
		9265A427255030E100B7410C /* Christmas Calendar v2.0Tests.xctest */ = {isa = PBXFileReference; explicitFileType = wrapper.cfbundle; includeInIndex = 0; path = "Christmas Calendar v2.0Tests.xctest"; sourceTree = BUILT_PRODUCTS_DIR; };
		9265A42B255030E100B7410C /* Christmas_Calendar_v2_0Tests.swift */ = {isa = PBXFileReference; lastKnownFileType = sourcecode.swift; path = Christmas_Calendar_v2_0Tests.swift; sourceTree = "<group>"; };
		9265A42D255030E100B7410C /* Info.plist */ = {isa = PBXFileReference; lastKnownFileType = text.plist.xml; path = Info.plist; sourceTree = "<group>"; };
		9265A432255030E100B7410C /* Christmas Calendar v2.0UITests.xctest */ = {isa = PBXFileReference; explicitFileType = wrapper.cfbundle; includeInIndex = 0; path = "Christmas Calendar v2.0UITests.xctest"; sourceTree = BUILT_PRODUCTS_DIR; };
		9265A436255030E100B7410C /* Christmas_Calendar_v2_0UITests.swift */ = {isa = PBXFileReference; lastKnownFileType = sourcecode.swift; path = Christmas_Calendar_v2_0UITests.swift; sourceTree = "<group>"; };
		9265A438255030E100B7410C /* Info.plist */ = {isa = PBXFileReference; lastKnownFileType = text.plist.xml; path = Info.plist; sourceTree = "<group>"; };
/* End PBXFileReference section */

/* Begin PBXFrameworksBuildPhase section */
		9265A40E255030DE00B7410C /* Frameworks */ = {
			isa = PBXFrameworksBuildPhase;
			buildActionMask = 2147483647;
			files = (
			);
			runOnlyForDeploymentPostprocessing = 0;
		};
		9265A424255030E100B7410C /* Frameworks */ = {
			isa = PBXFrameworksBuildPhase;
			buildActionMask = 2147483647;
			files = (
			);
			runOnlyForDeploymentPostprocessing = 0;
		};
		9265A42F255030E100B7410C /* Frameworks */ = {
			isa = PBXFrameworksBuildPhase;
			buildActionMask = 2147483647;
			files = (
			);
			runOnlyForDeploymentPostprocessing = 0;
		};
/* End PBXFrameworksBuildPhase section */

/* Begin PBXGroup section */
		9265A408255030DE00B7410C = {
			isa = PBXGroup;
			children = (
				9265A413255030DE00B7410C /* Christmas Calendar v2.0 */,
				9265A42A255030E100B7410C /* Christmas Calendar v2.0Tests */,
				9265A435255030E100B7410C /* Christmas Calendar v2.0UITests */,
				9265A412255030DE00B7410C /* Products */,
			);
			sourceTree = "<group>";
		};
		9265A412255030DE00B7410C /* Products */ = {
			isa = PBXGroup;
			children = (
				9265A411255030DE00B7410C /* Christmas Calendar v2.0.app */,
				9265A427255030E100B7410C /* Christmas Calendar v2.0Tests.xctest */,
				9265A432255030E100B7410C /* Christmas Calendar v2.0UITests.xctest */,
			);
			name = Products;
			sourceTree = "<group>";
		};
		9265A413255030DE00B7410C /* Christmas Calendar v2.0 */ = {
			isa = PBXGroup;
			children = (
				9265A414255030DE00B7410C /* AppDelegate.swift */,
				9265A416255030DE00B7410C /* SceneDelegate.swift */,
				9265A418255030DE00B7410C /* ViewController.swift */,
				9265A41A255030DE00B7410C /* Main.storyboard */,
				9265A41D255030E100B7410C /* Assets.xcassets */,
				9265A41F255030E100B7410C /* LaunchScreen.storyboard */,
				9265A422255030E100B7410C /* Info.plist */,
			);
			path = "Christmas Calendar v2.0";
			sourceTree = "<group>";
		};
		9265A42A255030E100B7410C /* Christmas Calendar v2.0Tests */ = {
			isa = PBXGroup;
			children = (
				9265A42B255030E100B7410C /* Christmas_Calendar_v2_0Tests.swift */,
				9265A42D255030E100B7410C /* Info.plist */,
			);
			path = "Christmas Calendar v2.0Tests";
			sourceTree = "<group>";
		};
		9265A435255030E100B7410C /* Christmas Calendar v2.0UITests */ = {
			isa = PBXGroup;
			children = (
				9265A436255030E100B7410C /* Christmas_Calendar_v2_0UITests.swift */,
				9265A438255030E100B7410C /* Info.plist */,
			);
			path = "Christmas Calendar v2.0UITests";
			sourceTree = "<group>";
		};
/* End PBXGroup section */

/* Begin PBXNativeTarget section */
		9265A410255030DE00B7410C /* Christmas Calendar v2.0 */ = {
			isa = PBXNativeTarget;
			buildConfigurationList = 9265A43B255030E100B7410C /* Build configuration list for PBXNativeTarget "Christmas Calendar v2.0" */;
			buildPhases = (
				9265A40D255030DE00B7410C /* Sources */,
				9265A40E255030DE00B7410C /* Frameworks */,
				9265A40F255030DE00B7410C /* Resources */,
			);
			buildRules = (
			);
			dependencies = (
			);
			name = "Christmas Calendar v2.0";
			productName = "Christmas Calendar v2.0";
			productReference = 9265A411255030DE00B7410C /* Christmas Calendar v2.0.app */;
			productType = "com.apple.product-type.application";
		};
		9265A426255030E100B7410C /* Christmas Calendar v2.0Tests */ = {
			isa = PBXNativeTarget;
			buildConfigurationList = 9265A43E255030E100B7410C /* Build configuration list for PBXNativeTarget "Christmas Calendar v2.0Tests" */;
			buildPhases = (
				9265A423255030E100B7410C /* Sources */,
				9265A424255030E100B7410C /* Frameworks */,
				9265A425255030E100B7410C /* Resources */,
			);
			buildRules = (
			);
			dependencies = (
				9265A429255030E100B7410C /* PBXTargetDependency */,
			);
			name = "Christmas Calendar v2.0Tests";
			productName = "Christmas Calendar v2.0Tests";
			productReference = 9265A427255030E100B7410C /* Christmas Calendar v2.0Tests.xctest */;
			productType = "com.apple.product-type.bundle.unit-test";
		};
		9265A431255030E100B7410C /* Christmas Calendar v2.0UITests */ = {
			isa = PBXNativeTarget;
			buildConfigurationList = 9265A441255030E100B7410C /* Build configuration list for PBXNativeTarget "Christmas Calendar v2.0UITests" */;
			buildPhases = (
				9265A42E255030E100B7410C /* Sources */,
				9265A42F255030E100B7410C /* Frameworks */,
				9265A430255030E100B7410C /* Resources */,
			);
			buildRules = (
			);
			dependencies = (
				9265A434255030E100B7410C /* PBXTargetDependency */,
			);
			name = "Christmas Calendar v2.0UITests";
			productName = "Christmas Calendar v2.0UITests";
			productReference = 9265A432255030E100B7410C /* Christmas Calendar v2.0UITests.xctest */;
			productType = "com.apple.product-type.bundle.ui-testing";
		};
/* End PBXNativeTarget section */

/* Begin PBXProject section */
		9265A409255030DE00B7410C /* Project object */ = {
			isa = PBXProject;
			attributes = {
				LastSwiftUpdateCheck = 1210;
				LastUpgradeCheck = 1210;
				TargetAttributes = {
					9265A410255030DE00B7410C = {
						CreatedOnToolsVersion = 12.1;
					};
					9265A426255030E100B7410C = {
						CreatedOnToolsVersion = 12.1;
						TestTargetID = 9265A410255030DE00B7410C;
					};
					9265A431255030E100B7410C = {
						CreatedOnToolsVersion = 12.1;
						TestTargetID = 9265A410255030DE00B7410C;
					};
				};
			};
			buildConfigurationList = 9265A40C255030DE00B7410C /* Build configuration list for PBXProject "Christmas Calendar v2.0" */;
			compatibilityVersion = "Xcode 9.3";
			developmentRegion = en;
			hasScannedForEncodings = 0;
			knownRegions = (
				en,
				Base,
			);
			mainGroup = 9265A408255030DE00B7410C;
			productRefGroup = 9265A412255030DE00B7410C /* Products */;
			projectDirPath = "";
			projectRoot = "";
			targets = (
				9265A410255030DE00B7410C /* Christmas Calendar v2.0 */,
				9265A426255030E100B7410C /* Christmas Calendar v2.0Tests */,
				9265A431255030E100B7410C /* Christmas Calendar v2.0UITests */,
			);
		};
/* End PBXProject section */

/* Begin PBXResourcesBuildPhase section */
		9265A40F255030DE00B7410C /* Resources */ = {
			isa = PBXResourcesBuildPhase;
			buildActionMask = 2147483647;
			files = (
				9265A421255030E100B7410C /* LaunchScreen.storyboard in Resources */,
				9265A41E255030E100B7410C /* Assets.xcassets in Resources */,
				9265A41C255030DE00B7410C /* Main.storyboard in Resources */,
			);
			runOnlyForDeploymentPostprocessing = 0;
		};
		9265A425255030E100B7410C /* Resources */ = {
			isa = PBXResourcesBuildPhase;
			buildActionMask = 2147483647;
			files = (
			);
			runOnlyForDeploymentPostprocessing = 0;
		};
		9265A430255030E100B7410C /* Resources */ = {
			isa = PBXResourcesBuildPhase;
			buildActionMask = 2147483647;
			files = (
			);
			runOnlyForDeploymentPostprocessing = 0;
		};
/* End PBXResourcesBuildPhase section */

/* Begin PBXSourcesBuildPhase section */
		9265A40D255030DE00B7410C /* Sources */ = {
			isa = PBXSourcesBuildPhase;
			buildActionMask = 2147483647;
			files = (
				9265A419255030DE00B7410C /* ViewController.swift in Sources */,
				9265A415255030DE00B7410C /* AppDelegate.swift in Sources */,
				9265A417255030DE00B7410C /* SceneDelegate.swift in Sources */,
			);
			runOnlyForDeploymentPostprocessing = 0;
		};
		9265A423255030E100B7410C /* Sources */ = {
			isa = PBXSourcesBuildPhase;
			buildActionMask = 2147483647;
			files = (
				9265A42C255030E100B7410C /* Christmas_Calendar_v2_0Tests.swift in Sources */,
			);
			runOnlyForDeploymentPostprocessing = 0;
		};
		9265A42E255030E100B7410C /* Sources */ = {
			isa = PBXSourcesBuildPhase;
			buildActionMask = 2147483647;
			files = (
				9265A437255030E100B7410C /* Christmas_Calendar_v2_0UITests.swift in Sources */,
			);
			runOnlyForDeploymentPostprocessing = 0;
		};
/* End PBXSourcesBuildPhase section */

/* Begin PBXTargetDependency section */
		9265A429255030E100B7410C /* PBXTargetDependency */ = {
			isa = PBXTargetDependency;
			target = 9265A410255030DE00B7410C /* Christmas Calendar v2.0 */;
			targetProxy = 9265A428255030E100B7410C /* PBXContainerItemProxy */;
		};
		9265A434255030E100B7410C /* PBXTargetDependency */ = {
			isa = PBXTargetDependency;
			target = 9265A410255030DE00B7410C /* Christmas Calendar v2.0 */;
			targetProxy = 9265A433255030E100B7410C /* PBXContainerItemProxy */;
		};
/* End PBXTargetDependency section */

/* Begin PBXVariantGroup section */
		9265A41A255030DE00B7410C /* Main.storyboard */ = {
			isa = PBXVariantGroup;
			children = (
				9265A41B255030DE00B7410C /* Base */,
			);
			name = Main.storyboard;
			sourceTree = "<group>";
		};
		9265A41F255030E100B7410C /* LaunchScreen.storyboard */ = {
			isa = PBXVariantGroup;
			children = (
				9265A420255030E100B7410C /* Base */,
			);
			name = LaunchScreen.storyboard;
			sourceTree = "<group>";
		};
/* End PBXVariantGroup section */

/* Begin XCBuildConfiguration section */
		9265A439255030E100B7410C /* Debug */ = {
			isa = XCBuildConfiguration;
			buildSettings = {
				ALWAYS_SEARCH_USER_PATHS = NO;
				CLANG_ANALYZER_NONNULL = YES;
				CLANG_ANALYZER_NUMBER_OBJECT_CONVERSION = YES_AGGRESSIVE;
				CLANG_CXX_LANGUAGE_STANDARD = "gnu++14";
				CLANG_CXX_LIBRARY = "libc++";
				CLANG_ENABLE_MODULES = YES;
				CLANG_ENABLE_OBJC_ARC = YES;
				CLANG_ENABLE_OBJC_WEAK = YES;
				CLANG_WARN_BLOCK_CAPTURE_AUTORELEASING = YES;
				CLANG_WARN_BOOL_CONVERSION = YES;
				CLANG_WARN_COMMA = YES;
				CLANG_WARN_CONSTANT_CONVERSION = YES;
				CLANG_WARN_DEPRECATED_OBJC_IMPLEMENTATIONS = YES;
				CLANG_WARN_DIRECT_OBJC_ISA_USAGE = YES_ERROR;
				CLANG_WARN_DOCUMENTATION_COMMENTS = YES;
				CLANG_WARN_EMPTY_BODY = YES;
				CLANG_WARN_ENUM_CONVERSION = YES;
				CLANG_WARN_INFINITE_RECURSION = YES;
				CLANG_WARN_INT_CONVERSION = YES;
				CLANG_WARN_NON_LITERAL_NULL_CONVERSION = YES;
				CLANG_WARN_OBJC_IMPLICIT_RETAIN_SELF = YES;
				CLANG_WARN_OBJC_LITERAL_CONVERSION = YES;
				CLANG_WARN_OBJC_ROOT_CLASS = YES_ERROR;
				CLANG_WARN_QUOTED_INCLUDE_IN_FRAMEWORK_HEADER = YES;
				CLANG_WARN_RANGE_LOOP_ANALYSIS = YES;
				CLANG_WARN_STRICT_PROTOTYPES = YES;
				CLANG_WARN_SUSPICIOUS_MOVE = YES;
				CLANG_WARN_UNGUARDED_AVAILABILITY = YES_AGGRESSIVE;
				CLANG_WARN_UNREACHABLE_CODE = YES;
				CLANG_WARN__DUPLICATE_METHOD_MATCH = YES;
				COPY_PHASE_STRIP = NO;
				DEBUG_INFORMATION_FORMAT = dwarf;
				ENABLE_STRICT_OBJC_MSGSEND = YES;
				ENABLE_TESTABILITY = YES;
				GCC_C_LANGUAGE_STANDARD = gnu11;
				GCC_DYNAMIC_NO_PIC = NO;
				GCC_NO_COMMON_BLOCKS = YES;
				GCC_OPTIMIZATION_LEVEL = 0;
				GCC_PREPROCESSOR_DEFINITIONS = (
					"DEBUG=1",
					"$(inherited)",
				);
				GCC_WARN_64_TO_32_BIT_CONVERSION = YES;
				GCC_WARN_ABOUT_RETURN_TYPE = YES_ERROR;
				GCC_WARN_UNDECLARED_SELECTOR = YES;
				GCC_WARN_UNINITIALIZED_AUTOS = YES_AGGRESSIVE;
				GCC_WARN_UNUSED_FUNCTION = YES;
				GCC_WARN_UNUSED_VARIABLE = YES;
				IPHONEOS_DEPLOYMENT_TARGET = 14.1;
				MTL_ENABLE_DEBUG_INFO = INCLUDE_SOURCE;
				MTL_FAST_MATH = YES;
				ONLY_ACTIVE_ARCH = YES;
				SDKROOT = iphoneos;
				SWIFT_ACTIVE_COMPILATION_CONDITIONS = DEBUG;
				SWIFT_OPTIMIZATION_LEVEL = "-Onone";
			};
			name = Debug;
		};
		9265A43A255030E100B7410C /* Release */ = {
			isa = XCBuildConfiguration;
			buildSettings = {
				ALWAYS_SEARCH_USER_PATHS = NO;
				CLANG_ANALYZER_NONNULL = YES;
				CLANG_ANALYZER_NUMBER_OBJECT_CONVERSION = YES_AGGRESSIVE;
				CLANG_CXX_LANGUAGE_STANDARD = "gnu++14";
				CLANG_CXX_LIBRARY = "libc++";
				CLANG_ENABLE_MODULES = YES;
				CLANG_ENABLE_OBJC_ARC = YES;
				CLANG_ENABLE_OBJC_WEAK = YES;
				CLANG_WARN_BLOCK_CAPTURE_AUTORELEASING = YES;
				CLANG_WARN_BOOL_CONVERSION = YES;
				CLANG_WARN_COMMA = YES;
				CLANG_WARN_CONSTANT_CONVERSION = YES;
				CLANG_WARN_DEPRECATED_OBJC_IMPLEMENTATIONS = YES;
				CLANG_WARN_DIRECT_OBJC_ISA_USAGE = YES_ERROR;
				CLANG_WARN_DOCUMENTATION_COMMENTS = YES;
				CLANG_WARN_EMPTY_BODY = YES;
				CLANG_WARN_ENUM_CONVERSION = YES;
				CLANG_WARN_INFINITE_RECURSION = YES;
				CLANG_WARN_INT_CONVERSION = YES;
				CLANG_WARN_NON_LITERAL_NULL_CONVERSION = YES;
				CLANG_WARN_OBJC_IMPLICIT_RETAIN_SELF = YES;
				CLANG_WARN_OBJC_LITERAL_CONVERSION = YES;
				CLANG_WARN_OBJC_ROOT_CLASS = YES_ERROR;
				CLANG_WARN_QUOTED_INCLUDE_IN_FRAMEWORK_HEADER = YES;
				CLANG_WARN_RANGE_LOOP_ANALYSIS = YES;
				CLANG_WARN_STRICT_PROTOTYPES = YES;
				CLANG_WARN_SUSPICIOUS_MOVE = YES;
				CLANG_WARN_UNGUARDED_AVAILABILITY = YES_AGGRESSIVE;
				CLANG_WARN_UNREACHABLE_CODE = YES;
				CLANG_WARN__DUPLICATE_METHOD_MATCH = YES;
				COPY_PHASE_STRIP = NO;
				DEBUG_INFORMATION_FORMAT = "dwarf-with-dsym";
				ENABLE_NS_ASSERTIONS = NO;
				ENABLE_STRICT_OBJC_MSGSEND = YES;
				GCC_C_LANGUAGE_STANDARD = gnu11;
				GCC_NO_COMMON_BLOCKS = YES;
				GCC_WARN_64_TO_32_BIT_CONVERSION = YES;
				GCC_WARN_ABOUT_RETURN_TYPE = YES_ERROR;
				GCC_WARN_UNDECLARED_SELECTOR = YES;
				GCC_WARN_UNINITIALIZED_AUTOS = YES_AGGRESSIVE;
				GCC_WARN_UNUSED_FUNCTION = YES;
				GCC_WARN_UNUSED_VARIABLE = YES;
				IPHONEOS_DEPLOYMENT_TARGET = 14.1;
				MTL_ENABLE_DEBUG_INFO = NO;
				MTL_FAST_MATH = YES;
				SDKROOT = iphoneos;
				SWIFT_COMPILATION_MODE = wholemodule;
				SWIFT_OPTIMIZATION_LEVEL = "-O";
				VALIDATE_PRODUCT = YES;
			};
			name = Release;
		};
		9265A43C255030E100B7410C /* Debug */ = {
			isa = XCBuildConfiguration;
			buildSettings = {
				ASSETCATALOG_COMPILER_APPICON_NAME = AppIcon;
				ASSETCATALOG_COMPILER_GLOBAL_ACCENT_COLOR_NAME = AccentColor;
				CODE_SIGN_STYLE = Automatic;
				INFOPLIST_FILE = "Christmas Calendar v2.0/Info.plist";
				LD_RUNPATH_SEARCH_PATHS = (
					"$(inherited)",
					"@executable_path/Frameworks",
				);
				PRODUCT_BUNDLE_IDENTIFIER = "com.LaFlairMedia.Christmas-Calendar-v2-0";
				PRODUCT_NAME = "$(TARGET_NAME)";
				SWIFT_VERSION = 5.0;
				TARGETED_DEVICE_FAMILY = "1,2";
			};
			name = Debug;
		};
		9265A43D255030E100B7410C /* Release */ = {
			isa = XCBuildConfiguration;
			buildSettings = {
				ASSETCATALOG_COMPILER_APPICON_NAME = AppIcon;
				ASSETCATALOG_COMPILER_GLOBAL_ACCENT_COLOR_NAME = AccentColor;
				CODE_SIGN_STYLE = Automatic;
				INFOPLIST_FILE = "Christmas Calendar v2.0/Info.plist";
				LD_RUNPATH_SEARCH_PATHS = (
					"$(inherited)",
					"@executable_path/Frameworks",
				);
				PRODUCT_BUNDLE_IDENTIFIER = "com.LaFlairMedia.Christmas-Calendar-v2-0";
				PRODUCT_NAME = "$(TARGET_NAME)";
				SWIFT_VERSION = 5.0;
				TARGETED_DEVICE_FAMILY = "1,2";
			};
			name = Release;
		};
		9265A43F255030E100B7410C /* Debug */ = {
			isa = XCBuildConfiguration;
			buildSettings = {
				ALWAYS_EMBED_SWIFT_STANDARD_LIBRARIES = YES;
				BUNDLE_LOADER = "$(TEST_HOST)";
				CODE_SIGN_STYLE = Automatic;
				INFOPLIST_FILE = "Christmas Calendar v2.0Tests/Info.plist";
				IPHONEOS_DEPLOYMENT_TARGET = 14.1;
				LD_RUNPATH_SEARCH_PATHS = (
					"$(inherited)",
					"@executable_path/Frameworks",
					"@loader_path/Frameworks",
				);
				PRODUCT_BUNDLE_IDENTIFIER = "com.LaFlairMedia.Christmas-Calendar-v2-0Tests";
				PRODUCT_NAME = "$(TARGET_NAME)";
				SWIFT_VERSION = 5.0;
				TARGETED_DEVICE_FAMILY = "1,2";
				TEST_HOST = "$(BUILT_PRODUCTS_DIR)/Christmas Calendar v2.0.app/Christmas Calendar v2.0";
			};
			name = Debug;
		};
		9265A440255030E100B7410C /* Release */ = {
			isa = XCBuildConfiguration;
			buildSettings = {
				ALWAYS_EMBED_SWIFT_STANDARD_LIBRARIES = YES;
				BUNDLE_LOADER = "$(TEST_HOST)";
				CODE_SIGN_STYLE = Automatic;
				INFOPLIST_FILE = "Christmas Calendar v2.0Tests/Info.plist";
				IPHONEOS_DEPLOYMENT_TARGET = 14.1;
				LD_RUNPATH_SEARCH_PATHS = (
					"$(inherited)",
					"@executable_path/Frameworks",
					"@loader_path/Frameworks",
				);
				PRODUCT_BUNDLE_IDENTIFIER = "com.LaFlairMedia.Christmas-Calendar-v2-0Tests";
				PRODUCT_NAME = "$(TARGET_NAME)";
				SWIFT_VERSION = 5.0;
				TARGETED_DEVICE_FAMILY = "1,2";
				TEST_HOST = "$(BUILT_PRODUCTS_DIR)/Christmas Calendar v2.0.app/Christmas Calendar v2.0";
			};
			name = Release;
		};
		9265A442255030E100B7410C /* Debug */ = {
			isa = XCBuildConfiguration;
			buildSettings = {
				ALWAYS_EMBED_SWIFT_STANDARD_LIBRARIES = YES;
				CODE_SIGN_STYLE = Automatic;
				INFOPLIST_FILE = "Christmas Calendar v2.0UITests/Info.plist";
				LD_RUNPATH_SEARCH_PATHS = (
					"$(inherited)",
					"@executable_path/Frameworks",
					"@loader_path/Frameworks",
				);
				PRODUCT_BUNDLE_IDENTIFIER = "com.LaFlairMedia.Christmas-Calendar-v2-0UITests";
				PRODUCT_NAME = "$(TARGET_NAME)";
				SWIFT_VERSION = 5.0;
				TARGETED_DEVICE_FAMILY = "1,2";
				TEST_TARGET_NAME = "Christmas Calendar v2.0";
			};
			name = Debug;
		};
		9265A443255030E100B7410C /* Release */ = {
			isa = XCBuildConfiguration;
			buildSettings = {
				ALWAYS_EMBED_SWIFT_STANDARD_LIBRARIES = YES;
				CODE_SIGN_STYLE = Automatic;
				INFOPLIST_FILE = "Christmas Calendar v2.0UITests/Info.plist";
				LD_RUNPATH_SEARCH_PATHS = (
					"$(inherited)",
					"@executable_path/Frameworks",
					"@loader_path/Frameworks",
				);
				PRODUCT_BUNDLE_IDENTIFIER = "com.LaFlairMedia.Christmas-Calendar-v2-0UITests";
				PRODUCT_NAME = "$(TARGET_NAME)";
				SWIFT_VERSION = 5.0;
				TARGETED_DEVICE_FAMILY = "1,2";
				TEST_TARGET_NAME = "Christmas Calendar v2.0";
			};
			name = Release;
		};
/* End XCBuildConfiguration section */

/* Begin XCConfigurationList section */
		9265A40C255030DE00B7410C /* Build configuration list for PBXProject "Christmas Calendar v2.0" */ = {
			isa = XCConfigurationList;
			buildConfigurations = (
				9265A439255030E100B7410C /* Debug */,
				9265A43A255030E100B7410C /* Release */,
			);
			defaultConfigurationIsVisible = 0;
			defaultConfigurationName = Release;
		};
		9265A43B255030E100B7410C /* Build configuration list for PBXNativeTarget "Christmas Calendar v2.0" */ = {
			isa = XCConfigurationList;
			buildConfigurations = (
				9265A43C255030E100B7410C /* Debug */,
				9265A43D255030E100B7410C /* Release */,
			);
			defaultConfigurationIsVisible = 0;
			defaultConfigurationName = Release;
		};
		9265A43E255030E100B7410C /* Build configuration list for PBXNativeTarget "Christmas Calendar v2.0Tests" */ = {
			isa = XCConfigurationList;
			buildConfigurations = (
				9265A43F255030E100B7410C /* Debug */,
				9265A440255030E100B7410C /* Release */,
			);
			defaultConfigurationIsVisible = 0;
			defaultConfigurationName = Release;
		};
		9265A441255030E100B7410C /* Build configuration list for PBXNativeTarget "Christmas Calendar v2.0UITests" */ = {
			isa = XCConfigurationList;
			buildConfigurations = (
				9265A442255030E100B7410C /* Debug */,
				9265A443255030E100B7410C /* Release */,
			);
			defaultConfigurationIsVisible = 0;
			defaultConfigurationName = Release;
		};
/* End XCConfigurationList section */
	};
	rootObject = 9265A409255030DE00B7410C /* Project object */;
}
